
Microsoft Visual Studio Solution File, Format Version 12.00
# Visual Studio Version 17
VisualStudioVersion = 17.4.33205.214
MinimumVisualStudioVersion = 10.0.40219.1
Project("{9A19103F-16F7-4668-BE54-9A1E7A4F7556}") = "TicTacToe", "TicTacToe\TicTacToe.csproj", "{5940E676-1F7A-4837-BE1F-93D91C222C2B}"
EndProject
Project("{9A19103F-16F7-4668-BE54-9A1E7A4F7556}") = "TicTacToeConsole", "TicTacToeConsole\TicTacToeConsole.csproj", "{133C01E5-EB29-4D59-A7D4-41A2948DED21}"
EndProject
Project("{9A19103F-16F7-4668-BE54-9A1E7A4F7556}") = "WebApi", "WebApi\WebApi.csproj", "{7DFDFF9F-A2BD-45AB-BE12-FC5D8763DA79}"
EndProject
Project("{FAE04EC0-301F-11D3-BF4B-00C04F79EFBC}") = "Tests", "Tests\Tests.csproj", "{D06784EA-B1CB-4F10-8563-8ADED4F3D28C}"
EndProject
Global
	GlobalSection(SolutionConfigurationPlatforms) = preSolution
		Debug|Any CPU = Debug|Any CPU
		Release|Any CPU = Release|Any CPU
	EndGlobalSection
	GlobalSection(ProjectConfigurationPlatforms) = postSolution
		{5940E676-1F7A-4837-BE1F-93D91C222C2B}.Debug|Any CPU.ActiveCfg = Debug|Any CPU
		{5940E676-1F7A-4837-BE1F-93D91C222C2B}.Debug|Any CPU.Build.0 = Debug|Any CPU
		{5940E676-1F7A-4837-BE1F-93D91C222C2B}.Release|Any CPU.ActiveCfg = Release|Any CPU
		{5940E676-1F7A-4837-BE1F-93D91C222C2B}.Release|Any CPU.Build.0 = Release|Any CPU
		{133C01E5-EB29-4D59-A7D4-41A2948DED21}.Debug|Any CPU.ActiveCfg = Debug|Any CPU
		{133C01E5-EB29-4D59-A7D4-41A2948DED21}.Debug|Any CPU.Build.0 = Debug|Any CPU
		{133C01E5-EB29-4D59-A7D4-41A2948DED21}.Release|Any CPU.ActiveCfg = Release|Any CPU
		{133C01E5-EB29-4D59-A7D4-41A2948DED21}.Release|Any CPU.Build.0 = Release|Any CPU
		{7DFDFF9F-A2BD-45AB-BE12-FC5D8763DA79}.Debug|Any CPU.ActiveCfg = Debug|Any CPU
		{7DFDFF9F-A2BD-45AB-BE12-FC5D8763DA79}.Debug|Any CPU.Build.0 = Debug|Any CPU
		{7DFDFF9F-A2BD-45AB-BE12-FC5D8763DA79}.Release|Any CPU.ActiveCfg = Release|Any CPU
		{7DFDFF9F-A2BD-45AB-BE12-FC5D8763DA79}.Release|Any CPU.Build.0 = Release|Any CPU
		{D06784EA-B1CB-4F10-8563-8ADED4F3D28C}.Debug|Any CPU.ActiveCfg = Debug|Any CPU
		{D06784EA-B1CB-4F10-8563-8ADED4F3D28C}.Debug|Any CPU.Build.0 = Debug|Any CPU
		{D06784EA-B1CB-4F10-8563-8ADED4F3D28C}.Release|Any CPU.ActiveCfg = Release|Any CPU
		{D06784EA-B1CB-4F10-8563-8ADED4F3D28C}.Release|Any CPU.Build.0 = Release|Any CPU
	EndGlobalSection
	GlobalSection(SolutionProperties) = preSolution
		HideSolutionNode = FALSE
	EndGlobalSection
	GlobalSection(ExtensibilityGlobals) = postSolution
		SolutionGuid = {B118839E-767F-42A1-8060-E148C41611AE}
	EndGlobalSection
EndGlobal
